{
    "_meta": {
        "hash": {
            "sha256": "ca44e654ac9003ab66dea55cf9845ed3e84b6055fd11c0a0524e709176119f00"
        },
        "pipfile-spec": 6,
        "requires": {
            "python_full_version": "3.10.13",
            "python_version": "3.10"
        },
        "sources": [
            {
                "name": "pypi",
                "url": "https://pypi.org/simple",
                "verify_ssl": true
            }
        ]
    },
    "default": {
        "avocado-framework": {
            "hashes": [
                "sha256:4cda1b09ec7c12785b96f9f0521c3a52903cd51958ff68cbbaa569dce061cc35"
            ],
            "index": "pypi",
            "markers": "python_version >= '3.7'",
            "version": "==102.0"
        },
        "qemu": {
            "editable": true,
            "file": "QEMU"
        },
        "setuptools": {
            "hashes": [
                "sha256:1e8fdff6797d3865f37397be788a4e3cba233608e9b509382a2777d25ebde7f2",
                "sha256:735896e78a4742605974de002ac60562d286fa8051a7e2299445e8e8fbb01aa6"
            ],
            "markers": "python_version >= '3.8'",
            "version": "==69.0.2"
        }
    },
    "develop": {}
}
